
Microsoft Visual Studio Solution File, Format Version 12.00
# Visual Studio Version 17
VisualStudioVersion = 17.3.32825.248
MinimumVisualStudioVersion = 10.0.40219.1
Project("{FAE04EC0-301F-11D3-BF4B-00C04F79EFBC}") = "Devs2Blu.Projeto.SistemaAgenda.Form", "src\Devs2Blu.Projeto.SistemaAgenda\Devs2Blu.Projeto.SistemaAgenda.Form.csproj", "{7B0A976D-5C54-48EB-8252-4109238FE27A}"
EndProject
Global
	GlobalSection(SolutionConfigurationPlatforms) = preSolution
		Debug|Any CPU = Debug|Any CPU
		Release|Any CPU = Release|Any CPU
	EndGlobalSection
	GlobalSection(ProjectConfigurationPlatforms) = postSolution
		{7B0A976D-5C54-48EB-8252-4109238FE27A}.Debug|Any CPU.ActiveCfg = Debug|Any CPU
		{7B0A976D-5C54-48EB-8252-4109238FE27A}.Debug|Any CPU.Build.0 = Debug|Any CPU
		{7B0A976D-5C54-48EB-8252-4109238FE27A}.Release|Any CPU.ActiveCfg = Release|Any CPU
		{7B0A976D-5C54-48EB-8252-4109238FE27A}.Release|Any CPU.Build.0 = Release|Any CPU
	EndGlobalSection
	GlobalSection(SolutionProperties) = preSolution
		HideSolutionNode = FALSE
	EndGlobalSection
	GlobalSection(ExtensibilityGlobals) = postSolution
		SolutionGuid = {AA1672E1-D44F-44FC-9768-3752B55876CD}
	EndGlobalSection
EndGlobal
